
Microsoft Visual Studio Solution File, Format Version 12.00
# Visual Studio 15
VisualStudioVersion = 15.0.26430.15
MinimumVisualStudioVersion = 10.0.40219.1
Project("{A07B5EB6-E848-4116-A8D0-A826331D98C6}") = "Voting", "Voting\Voting.sfproj", "{CC843336-52CE-4F10-9BAD-A13F5662807A}"
EndProject
Project("{FAE04EC0-301F-11D3-BF4B-00C04F79EFBC}") = "VotingWeb", "VotingWeb\VotingWeb.csproj", "{1A4FE9BF-4F66-4037-BD41-59F572086FD1}"
EndProject
Global
	GlobalSection(SolutionConfigurationPlatforms) = preSolution
		Debug|Any CPU = Debug|Any CPU
		Debug|x64 = Debug|x64
		Release|Any CPU = Release|Any CPU
		Release|x64 = Release|x64
	EndGlobalSection
	GlobalSection(ProjectConfigurationPlatforms) = postSolution
		{CC843336-52CE-4F10-9BAD-A13F5662807A}.Debug|Any CPU.ActiveCfg = Debug|x64
		{CC843336-52CE-4F10-9BAD-A13F5662807A}.Debug|x64.ActiveCfg = Debug|x64
		{CC843336-52CE-4F10-9BAD-A13F5662807A}.Debug|x64.Build.0 = Debug|x64
		{CC843336-52CE-4F10-9BAD-A13F5662807A}.Debug|x64.Deploy.0 = Debug|x64
		{CC843336-52CE-4F10-9BAD-A13F5662807A}.Release|Any CPU.ActiveCfg = Release|x64
		{CC843336-52CE-4F10-9BAD-A13F5662807A}.Release|x64.ActiveCfg = Release|x64
		{CC843336-52CE-4F10-9BAD-A13F5662807A}.Release|x64.Build.0 = Release|x64
		{CC843336-52CE-4F10-9BAD-A13F5662807A}.Release|x64.Deploy.0 = Release|x64
		{1A4FE9BF-4F66-4037-BD41-59F572086FD1}.Debug|Any CPU.ActiveCfg = Debug|Any CPU
		{1A4FE9BF-4F66-4037-BD41-59F572086FD1}.Debug|Any CPU.Build.0 = Debug|Any CPU
		{1A4FE9BF-4F66-4037-BD41-59F572086FD1}.Debug|x64.ActiveCfg = Debug|Any CPU
		{1A4FE9BF-4F66-4037-BD41-59F572086FD1}.Debug|x64.Build.0 = Debug|Any CPU
		{1A4FE9BF-4F66-4037-BD41-59F572086FD1}.Release|Any CPU.ActiveCfg = Release|Any CPU
		{1A4FE9BF-4F66-4037-BD41-59F572086FD1}.Release|Any CPU.Build.0 = Release|Any CPU
		{1A4FE9BF-4F66-4037-BD41-59F572086FD1}.Release|x64.ActiveCfg = Release|Any CPU
		{1A4FE9BF-4F66-4037-BD41-59F572086FD1}.Release|x64.Build.0 = Release|Any CPU
	EndGlobalSection
	GlobalSection(SolutionProperties) = preSolution
		HideSolutionNode = FALSE
	EndGlobalSection
EndGlobal
